
Microsoft Visual Studio Solution File, Format Version 12.00
# Visual Studio Version 17
VisualStudioVersion = 17.11.35219.272
MinimumVisualStudioVersion = 10.0.40219.1
Project("{FAE04EC0-301F-11D3-BF4B-00C04F79EFBC}") = "SeconModulExam", "SeconModulExam.csproj", "{37BB0DB1-8A87-4F7A-ACAE-F2719B9AC71B}"
EndProject
Global
	GlobalSection(SolutionConfigurationPlatforms) = preSolution
		Debug|Any CPU = Debug|Any CPU
		Release|Any CPU = Release|Any CPU
	EndGlobalSection
	GlobalSection(ProjectConfigurationPlatforms) = postSolution
		{37BB0DB1-8A87-4F7A-ACAE-F2719B9AC71B}.Debug|Any CPU.ActiveCfg = Debug|Any CPU
		{37BB0DB1-8A87-4F7A-ACAE-F2719B9AC71B}.Debug|Any CPU.Build.0 = Debug|Any CPU
		{37BB0DB1-8A87-4F7A-ACAE-F2719B9AC71B}.Release|Any CPU.ActiveCfg = Release|Any CPU
		{37BB0DB1-8A87-4F7A-ACAE-F2719B9AC71B}.Release|Any CPU.Build.0 = Release|Any CPU
	EndGlobalSection
	GlobalSection(SolutionProperties) = preSolution
		HideSolutionNode = FALSE
	EndGlobalSection
	GlobalSection(ExtensibilityGlobals) = postSolution
		SolutionGuid = {4420CA96-4347-4C7A-9787-881E2F3FE3BE}
	EndGlobalSection
EndGlobal
